
Microsoft Visual Studio Solution File, Format Version 12.00
# Visual Studio 15
VisualStudioVersion = 15.0.27130.2010
MinimumVisualStudioVersion = 10.0.40219.1
Project("{FAE04EC0-301F-11D3-BF4B-00C04F79EFBC}") = "DevOps.VersionControl.Functions.CreateAndCheckoutGitBranch", "DevOps.VersionControl.Functions.CreateAndCheckoutGitBranch\DevOps.VersionControl.Functions.CreateAndCheckoutGitBranch.csproj", "{06B79FCC-C428-400A-B7CA-B73B028CF15C}"
EndProject
Global
	GlobalSection(SolutionConfigurationPlatforms) = preSolution
		Debug|Any CPU = Debug|Any CPU
		Release|Any CPU = Release|Any CPU
	EndGlobalSection
	GlobalSection(ProjectConfigurationPlatforms) = postSolution
		{06B79FCC-C428-400A-B7CA-B73B028CF15C}.Debug|Any CPU.ActiveCfg = Debug|Any CPU
		{06B79FCC-C428-400A-B7CA-B73B028CF15C}.Debug|Any CPU.Build.0 = Debug|Any CPU
		{06B79FCC-C428-400A-B7CA-B73B028CF15C}.Release|Any CPU.ActiveCfg = Release|Any CPU
		{06B79FCC-C428-400A-B7CA-B73B028CF15C}.Release|Any CPU.Build.0 = Release|Any CPU
	EndGlobalSection
	GlobalSection(SolutionProperties) = preSolution
		HideSolutionNode = FALSE
	EndGlobalSection
	GlobalSection(ExtensibilityGlobals) = postSolution
		SolutionGuid = {6D8A06F3-CE5F-499B-B1F3-F8D7CBFCB9CF}
	EndGlobalSection
EndGlobal
